
Microsoft Visual Studio Solution File, Format Version 12.00
Project("{FAE04EC0-301F-11D3-BF4B-00C04F79EFBC}") = "BusNetz", "BusNetz\BusNetz.csproj", "{5A8D1908-1DFA-44D9-AD48-E6780D934CCF}"
EndProject
Global
	GlobalSection(SolutionConfigurationPlatforms) = preSolution
		Debug|Any CPU = Debug|Any CPU
		Release|Any CPU = Release|Any CPU
	EndGlobalSection
	GlobalSection(ProjectConfigurationPlatforms) = postSolution
		{5A8D1908-1DFA-44D9-AD48-E6780D934CCF}.Debug|Any CPU.ActiveCfg = Debug|Any CPU
		{5A8D1908-1DFA-44D9-AD48-E6780D934CCF}.Debug|Any CPU.Build.0 = Debug|Any CPU
		{5A8D1908-1DFA-44D9-AD48-E6780D934CCF}.Release|Any CPU.ActiveCfg = Release|Any CPU
		{5A8D1908-1DFA-44D9-AD48-E6780D934CCF}.Release|Any CPU.Build.0 = Release|Any CPU
	EndGlobalSection
EndGlobal
